// !$*UTF8*$!
{
	archiveVersion = 1;
	classes = {
	};
	objectVersion = 46;
	objects = {

/* Begin PBXBuildFile section */
		FEC308AF1A2C1C7300C002D8 /* AppDelegate.swift in Sources */ = {isa = PBXBuildFile; fileRef = FEC308AE1A2C1C7300C002D8 /* AppDelegate.swift */; };
		FEC308B11A2C1C7300C002D8 /* ViewController.swift in Sources */ = {isa = PBXBuildFile; fileRef = FEC308B01A2C1C7300C002D8 /* ViewController.swift */; };
		FEC308B41A2C1C7300C002D8 /* Main.storyboard in Resources */ = {isa = PBXBuildFile; fileRef = FEC308B21A2C1C7300C002D8 /* Main.storyboard */; };
		FEC308B61A2C1C7300C002D8 /* Images.xcassets in Resources */ = {isa = PBXBuildFile; fileRef = FEC308B51A2C1C7300C002D8 /* Images.xcassets */; };
		FEC308B91A2C1C7300C002D8 /* LaunchScreen.xib in Resources */ = {isa = PBXBuildFile; fileRef = FEC308B71A2C1C7300C002D8 /* LaunchScreen.xib */; };
		FEC308C51A2C1C7300C002D8 /* _9RedBalloonsTests.swift in Sources */ = {isa = PBXBuildFile; fileRef = FEC308C41A2C1C7300C002D8 /* _9RedBalloonsTests.swift */; };
/* End PBXBuildFile section */

/* Begin PBXContainerItemProxy section */
		FEC308BF1A2C1C7300C002D8 /* PBXContainerItemProxy */ = {
			isa = PBXContainerItemProxy;
			containerPortal = FEC308A11A2C1C7300C002D8 /* Project object */;
			proxyType = 1;
			remoteGlobalIDString = FEC308A81A2C1C7300C002D8;
			remoteInfo = 99RedBalloons;
		};
/* End PBXContainerItemProxy section */

/* Begin PBXFileReference section */
		FEC308A91A2C1C7300C002D8 /* 99RedBalloons.app */ = {isa = PBXFileReference; explicitFileType = wrapper.application; includeInIndex = 0; path = 99RedBalloons.app; sourceTree = BUILT_PRODUCTS_DIR; };
		FEC308AD1A2C1C7300C002D8 /* Info.plist */ = {isa = PBXFileReference; lastKnownFileType = text.plist.xml; path = Info.plist; sourceTree = "<group>"; };
		FEC308AE1A2C1C7300C002D8 /* AppDelegate.swift */ = {isa = PBXFileReference; lastKnownFileType = sourcecode.swift; path = AppDelegate.swift; sourceTree = "<group>"; };
		FEC308B01A2C1C7300C002D8 /* ViewController.swift */ = {isa = PBXFileReference; lastKnownFileType = sourcecode.swift; path = ViewController.swift; sourceTree = "<group>"; };
		FEC308B31A2C1C7300C002D8 /* Base */ = {isa = PBXFileReference; lastKnownFileType = file.storyboard; name = Base; path = Base.lproj/Main.storyboard; sourceTree = "<group>"; };
		FEC308B51A2C1C7300C002D8 /* Images.xcassets */ = {isa = PBXFileReference; lastKnownFileType = folder.assetcatalog; path = Images.xcassets; sourceTree = "<group>"; };
		FEC308B81A2C1C7300C002D8 /* Base */ = {isa = PBXFileReference; lastKnownFileType = file.xib; name = Base; path = Base.lproj/LaunchScreen.xib; sourceTree = "<group>"; };
		FEC308BE1A2C1C7300C002D8 /* 99RedBalloonsTests.xctest */ = {isa = PBXFileReference; explicitFileType = wrapper.cfbundle; includeInIndex = 0; path = 99RedBalloonsTests.xctest; sourceTree = BUILT_PRODUCTS_DIR; };
		FEC308C31A2C1C7300C002D8 /* Info.plist */ = {isa = PBXFileReference; lastKnownFileType = text.plist.xml; path = Info.plist; sourceTree = "<group>"; };
		FEC308C41A2C1C7300C002D8 /* _9RedBalloonsTests.swift */ = {isa = PBXFileReference; lastKnownFileType = sourcecode.swift; path = _9RedBalloonsTests.swift; sourceTree = "<group>"; };
/* End PBXFileReference section */

/* Begin PBXFrameworksBuildPhase section */
		FEC308A61A2C1C7300C002D8 /* Frameworks */ = {
			isa = PBXFrameworksBuildPhase;
			buildActionMask = 2147483647;
			files = (
			);
			runOnlyForDeploymentPostprocessing = 0;
		};
		FEC308BB1A2C1C7300C002D8 /* Frameworks */ = {
			isa = PBXFrameworksBuildPhase;
			buildActionMask = 2147483647;
			files = (
			);
			runOnlyForDeploymentPostprocessing = 0;
		};
/* End PBXFrameworksBuildPhase section */

/* Begin PBXGroup section */
		FEC308A01A2C1C7300C002D8 = {
			isa = PBXGroup;
			children = (
				FEC308AB1A2C1C7300C002D8 /* 99RedBalloons */,
				FEC308C11A2C1C7300C002D8 /* 99RedBalloonsTests */,
				FEC308AA1A2C1C7300C002D8 /* Products */,
			);
			sourceTree = "<group>";
		};
		FEC308AA1A2C1C7300C002D8 /* Products */ = {
			isa = PBXGroup;
			children = (
				FEC308A91A2C1C7300C002D8 /* 99RedBalloons.app */,
				FEC308BE1A2C1C7300C002D8 /* 99RedBalloonsTests.xctest */,
			);
			name = Products;
			sourceTree = "<group>";
		};
		FEC308AB1A2C1C7300C002D8 /* 99RedBalloons */ = {
			isa = PBXGroup;
			children = (
				FEC308AE1A2C1C7300C002D8 /* AppDelegate.swift */,
				FEC308B01A2C1C7300C002D8 /* ViewController.swift */,
				FEC308B21A2C1C7300C002D8 /* Main.storyboard */,
				FEC308B51A2C1C7300C002D8 /* Images.xcassets */,
				FEC308B71A2C1C7300C002D8 /* LaunchScreen.xib */,
				FEC308AC1A2C1C7300C002D8 /* Supporting Files */,
			);
			path = 99RedBalloons;
			sourceTree = "<group>";
		};
		FEC308AC1A2C1C7300C002D8 /* Supporting Files */ = {
			isa = PBXGroup;
			children = (
				FEC308AD1A2C1C7300C002D8 /* Info.plist */,
			);
			name = "Supporting Files";
			sourceTree = "<group>";
		};
		FEC308C11A2C1C7300C002D8 /* 99RedBalloonsTests */ = {
			isa = PBXGroup;
			children = (
				FEC308C41A2C1C7300C002D8 /* _9RedBalloonsTests.swift */,
				FEC308C21A2C1C7300C002D8 /* Supporting Files */,
			);
			path = 99RedBalloonsTests;
			sourceTree = "<group>";
		};
		FEC308C21A2C1C7300C002D8 /* Supporting Files */ = {
			isa = PBXGroup;
			children = (
				FEC308C31A2C1C7300C002D8 /* Info.plist */,
			);
			name = "Supporting Files";
			sourceTree = "<group>";
		};
/* End PBXGroup section */

/* Begin PBXNativeTarget section */
		FEC308A81A2C1C7300C002D8 /* 99RedBalloons */ = {
			isa = PBXNativeTarget;
			buildConfigurationList = FEC308C81A2C1C7300C002D8 /* Build configuration list for PBXNativeTarget "99RedBalloons" */;
			buildPhases = (
				FEC308A51A2C1C7300C002D8 /* Sources */,
				FEC308A61A2C1C7300C002D8 /* Frameworks */,
				FEC308A71A2C1C7300C002D8 /* Resources */,
			);
			buildRules = (
			);
			dependencies = (
			);
			name = 99RedBalloons;
			productName = 99RedBalloons;
			productReference = FEC308A91A2C1C7300C002D8 /* 99RedBalloons.app */;
			productType = "com.apple.product-type.application";
		};
		FEC308BD1A2C1C7300C002D8 /* 99RedBalloonsTests */ = {
			isa = PBXNativeTarget;
			buildConfigurationList = FEC308CB1A2C1C7300C002D8 /* Build configuration list for PBXNativeTarget "99RedBalloonsTests" */;
			buildPhases = (
				FEC308BA1A2C1C7300C002D8 /* Sources */,
				FEC308BB1A2C1C7300C002D8 /* Frameworks */,
				FEC308BC1A2C1C7300C002D8 /* Resources */,
			);
			buildRules = (
			);
			dependencies = (
				FEC308C01A2C1C7300C002D8 /* PBXTargetDependency */,
			);
			name = 99RedBalloonsTests;
			productName = 99RedBalloonsTests;
			productReference = FEC308BE1A2C1C7300C002D8 /* 99RedBalloonsTests.xctest */;
			productType = "com.apple.product-type.bundle.unit-test";
		};
/* End PBXNativeTarget section */

/* Begin PBXProject section */
		FEC308A11A2C1C7300C002D8 /* Project object */ = {
			isa = PBXProject;
			attributes = {
				LastUpgradeCheck = 0600;
				ORGANIZATIONNAME = JosephIwanicki;
				TargetAttributes = {
					FEC308A81A2C1C7300C002D8 = {
						CreatedOnToolsVersion = 6.0;
					};
					FEC308BD1A2C1C7300C002D8 = {
						CreatedOnToolsVersion = 6.0;
						TestTargetID = FEC308A81A2C1C7300C002D8;
					};
				};
			};
			buildConfigurationList = FEC308A41A2C1C7300C002D8 /* Build configuration list for PBXProject "99RedBalloons" */;
			compatibilityVersion = "Xcode 3.2";
			developmentRegion = English;
			hasScannedForEncodings = 0;
			knownRegions = (
				en,
				Base,
			);
			mainGroup = FEC308A01A2C1C7300C002D8;
			productRefGroup = FEC308AA1A2C1C7300C002D8 /* Products */;
			projectDirPath = "";
			projectRoot = "";
			targets = (
				FEC308A81A2C1C7300C002D8 /* 99RedBalloons */,
				FEC308BD1A2C1C7300C002D8 /* 99RedBalloonsTests */,
			);
		};
/* End PBXProject section */

/* Begin PBXResourcesBuildPhase section */
		FEC308A71A2C1C7300C002D8 /* Resources */ = {
			isa = PBXResourcesBuildPhase;
			buildActionMask = 2147483647;
			files = (
				FEC308B41A2C1C7300C002D8 /* Main.storyboard in Resources */,
				FEC308B91A2C1C7300C002D8 /* LaunchScreen.xib in Resources */,
				FEC308B61A2C1C7300C002D8 /* Images.xcassets in Resources */,
			);
			runOnlyForDeploymentPostprocessing = 0;
		};
		FEC308BC1A2C1C7300C002D8 /* Resources */ = {
			isa = PBXResourcesBuildPhase;
			buildActionMask = 2147483647;
			files = (
			);
			runOnlyForDeploymentPostprocessing = 0;
		};
/* End PBXResourcesBuildPhase section */

/* Begin PBXSourcesBuildPhase section */
		FEC308A51A2C1C7300C002D8 /* Sources */ = {
			isa = PBXSourcesBuildPhase;
			buildActionMask = 2147483647;
			files = (
				FEC308B11A2C1C7300C002D8 /* ViewController.swift in Sources */,
				FEC308AF1A2C1C7300C002D8 /* AppDelegate.swift in Sources */,
			);
			runOnlyForDeploymentPostprocessing = 0;
		};
		FEC308BA1A2C1C7300C002D8 /* Sources */ = {
			isa = PBXSourcesBuildPhase;
			buildActionMask = 2147483647;
			files = (
				FEC308C51A2C1C7300C002D8 /* _9RedBalloonsTests.swift in Sources */,
			);
			runOnlyForDeploymentPostprocessing = 0;
		};
/* End PBXSourcesBuildPhase section */

/* Begin PBXTargetDependency section */
		FEC308C01A2C1C7300C002D8 /* PBXTargetDependency */ = {
			isa = PBXTargetDependency;
			target = FEC308A81A2C1C7300C002D8 /* 99RedBalloons */;
			targetProxy = FEC308BF1A2C1C7300C002D8 /* PBXContainerItemProxy */;
		};
/* End PBXTargetDependency section */

/* Begin PBXVariantGroup section */
		FEC308B21A2C1C7300C002D8 /* Main.storyboard */ = {
			isa = PBXVariantGroup;
			children = (
				FEC308B31A2C1C7300C002D8 /* Base */,
			);
			name = Main.storyboard;
			sourceTree = "<group>";
		};
		FEC308B71A2C1C7300C002D8 /* LaunchScreen.xib */ = {
			isa = PBXVariantGroup;
			children = (
				FEC308B81A2C1C7300C002D8 /* Base */,
			);
			name = LaunchScreen.xib;
			sourceTree = "<group>";
		};
/* End PBXVariantGroup section */

/* Begin XCBuildConfiguration section */
		FEC308C61A2C1C7300C002D8 /* Debug */ = {
			isa = XCBuildConfiguration;
			buildSettings = {
				ALWAYS_SEARCH_USER_PATHS = NO;
				CLANG_CXX_LANGUAGE_STANDARD = "gnu++0x";
				CLANG_CXX_LIBRARY = "libc++";
				CLANG_ENABLE_MODULES = YES;
				CLANG_ENABLE_OBJC_ARC = YES;
				CLANG_WARN_BOOL_CONVERSION = YES;
				CLANG_WARN_CONSTANT_CONVERSION = YES;
				CLANG_WARN_DIRECT_OBJC_ISA_USAGE = YES_ERROR;
				CLANG_WARN_EMPTY_BODY = YES;
				CLANG_WARN_ENUM_CONVERSION = YES;
				CLANG_WARN_INT_CONVERSION = YES;
				CLANG_WARN_OBJC_ROOT_CLASS = YES_ERROR;
				CLANG_WARN_UNREACHABLE_CODE = YES;
				CLANG_WARN__DUPLICATE_METHOD_MATCH = YES;
				"CODE_SIGN_IDENTITY[sdk=iphoneos*]" = "iPhone Developer";
				COPY_PHASE_STRIP = NO;
				ENABLE_STRICT_OBJC_MSGSEND = YES;
				GCC_C_LANGUAGE_STANDARD = gnu99;
				GCC_DYNAMIC_NO_PIC = NO;
				GCC_OPTIMIZATION_LEVEL = 0;
				GCC_PREPROCESSOR_DEFINITIONS = (
					"DEBUG=1",
					"$(inherited)",
				);
				GCC_SYMBOLS_PRIVATE_EXTERN = NO;
				GCC_WARN_64_TO_32_BIT_CONVERSION = YES;
				GCC_WARN_ABOUT_RETURN_TYPE = YES_ERROR;
				GCC_WARN_UNDECLARED_SELECTOR = YES;
				GCC_WARN_UNINITIALIZED_AUTOS = YES_AGGRESSIVE;
				GCC_WARN_UNUSED_FUNCTION = YES;
				GCC_WARN_UNUSED_VARIABLE = YES;
				IPHONEOS_DEPLOYMENT_TARGET = 8.0;
				MTL_ENABLE_DEBUG_INFO = YES;
				ONLY_ACTIVE_ARCH = YES;
				SDKROOT = iphoneos;
				SWIFT_OPTIMIZATION_LEVEL = "-Onone";
				TARGETED_DEVICE_FAMILY = "1,2";
			};
			name = Debug;
		};
		FEC308C71A2C1C7300C002D8 /* Release */ = {
			isa = XCBuildConfiguration;
			buildSettings = {
				ALWAYS_SEARCH_USER_PATHS = NO;
				CLANG_CXX_LANGUAGE_STANDARD = "gnu++0x";
				CLANG_CXX_LIBRARY = "libc++";
				CLANG_ENABLE_MODULES = YES;
				CLANG_ENABLE_OBJC_ARC = YES;
				CLANG_WARN_BOOL_CONVERSION = YES;
				CLANG_WARN_CONSTANT_CONVERSION = YES;
				CLANG_WARN_DIRECT_OBJC_ISA_USAGE = YES_ERROR;
				CLANG_WARN_EMPTY_BODY = YES;
				CLANG_WARN_ENUM_CONVERSION = YES;
				CLANG_WARN_INT_CONVERSION = YES;
				CLANG_WARN_OBJC_ROOT_CLASS = YES_ERROR;
				CLANG_WARN_UNREACHABLE_CODE = YES;
				CLANG_WARN__DUPLICATE_METHOD_MATCH = YES;
				"CODE_SIGN_IDENTITY[sdk=iphoneos*]" = "iPhone Developer";
				COPY_PHASE_STRIP = YES;
				ENABLE_NS_ASSERTIONS = NO;
				ENABLE_STRICT_OBJC_MSGSEND = YES;
				GCC_C_LANGUAGE_STANDARD = gnu99;
				GCC_WARN_64_TO_32_BIT_CONVERSION = YES;
				GCC_WARN_ABOUT_RETURN_TYPE = YES_ERROR;
				GCC_WARN_UNDECLARED_SELECTOR = YES;
				GCC_WARN_UNINITIALIZED_AUTOS = YES_AGGRESSIVE;
				GCC_WARN_UNUSED_FUNCTION = YES;
				GCC_WARN_UNUSED_VARIABLE = YES;
				IPHONEOS_DEPLOYMENT_TARGET = 8.0;
				MTL_ENABLE_DEBUG_INFO = NO;
				SDKROOT = iphoneos;
				TARGETED_DEVICE_FAMILY = "1,2";
				VALIDATE_PRODUCT = YES;
			};
			name = Release;
		};
		FEC308C91A2C1C7300C002D8 /* Debug */ = {
			isa = XCBuildConfiguration;
			buildSettings = {
				ASSETCATALOG_COMPILER_APPICON_NAME = AppIcon;
				INFOPLIST_FILE = 99RedBalloons/Info.plist;
				LD_RUNPATH_SEARCH_PATHS = "$(inherited) @executable_path/Frameworks";
				PRODUCT_NAME = "$(TARGET_NAME)";
			};
			name = Debug;
		};
		FEC308CA1A2C1C7300C002D8 /* Release */ = {
			isa = XCBuildConfiguration;
			buildSettings = {
				ASSETCATALOG_COMPILER_APPICON_NAME = AppIcon;
				INFOPLIST_FILE = 99RedBalloons/Info.plist;
				LD_RUNPATH_SEARCH_PATHS = "$(inherited) @executable_path/Frameworks";
				PRODUCT_NAME = "$(TARGET_NAME)";
			};
			name = Release;
		};
		FEC308CC1A2C1C7300C002D8 /* Debug */ = {
			isa = XCBuildConfiguration;
			buildSettings = {
				BUNDLE_LOADER = "$(TEST_HOST)";
				FRAMEWORK_SEARCH_PATHS = (
					"$(SDKROOT)/Developer/Library/Frameworks",
					"$(inherited)",
				);
				GCC_PREPROCESSOR_DEFINITIONS = (
					"DEBUG=1",
					"$(inherited)",
				);
				INFOPLIST_FILE = 99RedBalloonsTests/Info.plist;
				LD_RUNPATH_SEARCH_PATHS = "$(inherited) @executable_path/Frameworks @loader_path/Frameworks";
				PRODUCT_NAME = "$(TARGET_NAME)";
				TEST_HOST = "$(BUILT_PRODUCTS_DIR)/99RedBalloons.app/99RedBalloons";
			};
			name = Debug;
		};
		FEC308CD1A2C1C7300C002D8 /* Release */ = {
			isa = XCBuildConfiguration;
			buildSettings = {
				BUNDLE_LOADER = "$(TEST_HOST)";
				FRAMEWORK_SEARCH_PATHS = (
					"$(SDKROOT)/Developer/Library/Frameworks",
					"$(inherited)",
				);
				INFOPLIST_FILE = 99RedBalloonsTests/Info.plist;
				LD_RUNPATH_SEARCH_PATHS = "$(inherited) @executable_path/Frameworks @loader_path/Frameworks";
				PRODUCT_NAME = "$(TARGET_NAME)";
				TEST_HOST = "$(BUILT_PRODUCTS_DIR)/99RedBalloons.app/99RedBalloons";
			};
			name = Release;
		};
/* End XCBuildConfiguration section */

/* Begin XCConfigurationList section */
		FEC308A41A2C1C7300C002D8 /* Build configuration list for PBXProject "99RedBalloons" */ = {
			isa = XCConfigurationList;
			buildConfigurations = (
				FEC308C61A2C1C7300C002D8 /* Debug */,
				FEC308C71A2C1C7300C002D8 /* Release */,
			);
			defaultConfigurationIsVisible = 0;
			defaultConfigurationName = Release;
		};
		FEC308C81A2C1C7300C002D8 /* Build configuration list for PBXNativeTarget "99RedBalloons" */ = {
			isa = XCConfigurationList;
			buildConfigurations = (
				FEC308C91A2C1C7300C002D8 /* Debug */,
				FEC308CA1A2C1C7300C002D8 /* Release */,
			);
			defaultConfigurationIsVisible = 0;
		};
		FEC308CB1A2C1C7300C002D8 /* Build configuration list for PBXNativeTarget "99RedBalloonsTests" */ = {
			isa = XCConfigurationList;
			buildConfigurations = (
				FEC308CC1A2C1C7300C002D8 /* Debug */,
				FEC308CD1A2C1C7300C002D8 /* Release */,
			);
			defaultConfigurationIsVisible = 0;
		};
/* End XCConfigurationList section */
	};
	rootObject = FEC308A11A2C1C7300C002D8 /* Project object */;
}
